
Microsoft Visual Studio Solution File, Format Version 12.00
# Visual Studio Version 16
VisualStudioVersion = 16.0.30907.101
MinimumVisualStudioVersion = 10.0.40219.1
Project("{9A19103F-16F7-4668-BE54-9A1E7A4F7556}") = "Chap08", "Chap08\Chap08.csproj", "{3A8006AE-4D19-465A-9EBD-2D3325AAFA80}"
EndProject
Project("{9A19103F-16F7-4668-BE54-9A1E7A4F7556}") = "MultiInterfaceApp", "MultiInterfaceApp\MultiInterfaceApp.csproj", "{2B1BBFEC-D706-4B44-81B3-4AB5306534A9}"
EndProject
Project("{FAE04EC0-301F-11D3-BF4B-00C04F79EFBC}") = "LoggerTest", "LoggerTest\LoggerTest.csproj", "{C630EED0-E666-4303-A556-919643E056F8}"
EndProject
Global
	GlobalSection(SolutionConfigurationPlatforms) = preSolution
		Debug|Any CPU = Debug|Any CPU
		Release|Any CPU = Release|Any CPU
	EndGlobalSection
	GlobalSection(ProjectConfigurationPlatforms) = postSolution
		{3A8006AE-4D19-465A-9EBD-2D3325AAFA80}.Debug|Any CPU.ActiveCfg = Debug|Any CPU
		{3A8006AE-4D19-465A-9EBD-2D3325AAFA80}.Debug|Any CPU.Build.0 = Debug|Any CPU
		{3A8006AE-4D19-465A-9EBD-2D3325AAFA80}.Release|Any CPU.ActiveCfg = Release|Any CPU
		{3A8006AE-4D19-465A-9EBD-2D3325AAFA80}.Release|Any CPU.Build.0 = Release|Any CPU
		{2B1BBFEC-D706-4B44-81B3-4AB5306534A9}.Debug|Any CPU.ActiveCfg = Debug|Any CPU
		{2B1BBFEC-D706-4B44-81B3-4AB5306534A9}.Debug|Any CPU.Build.0 = Debug|Any CPU
		{2B1BBFEC-D706-4B44-81B3-4AB5306534A9}.Release|Any CPU.ActiveCfg = Release|Any CPU
		{2B1BBFEC-D706-4B44-81B3-4AB5306534A9}.Release|Any CPU.Build.0 = Release|Any CPU
		{C630EED0-E666-4303-A556-919643E056F8}.Debug|Any CPU.ActiveCfg = Debug|Any CPU
		{C630EED0-E666-4303-A556-919643E056F8}.Debug|Any CPU.Build.0 = Debug|Any CPU
		{C630EED0-E666-4303-A556-919643E056F8}.Release|Any CPU.ActiveCfg = Release|Any CPU
		{C630EED0-E666-4303-A556-919643E056F8}.Release|Any CPU.Build.0 = Release|Any CPU
	EndGlobalSection
	GlobalSection(SolutionProperties) = preSolution
		HideSolutionNode = FALSE
	EndGlobalSection
	GlobalSection(ExtensibilityGlobals) = postSolution
		SolutionGuid = {C9A20CFF-8962-4E7D-8279-E005B4E95673}
	EndGlobalSection
EndGlobal
