
Microsoft Visual Studio Solution File, Format Version 12.00
# Visual Studio Version 16
VisualStudioVersion = 16.0.31019.35
MinimumVisualStudioVersion = 10.0.40219.1
Project("{FAE04EC0-301F-11D3-BF4B-00C04F79EFBC}") = "Chap12App", "Chap12App\Chap12App.csproj", "{09596DCC-CE2D-4C58-9BC1-A872533D44EB}"
EndProject
Project("{FAE04EC0-301F-11D3-BF4B-00C04F79EFBC}") = "TryCatchApp", "TryCatchApp\TryCatchApp.csproj", "{29625FA2-4BE6-4F19-A6D0-DD9764711C08}"
EndProject
Project("{FAE04EC0-301F-11D3-BF4B-00C04F79EFBC}") = "ExceptionThrowApp", "ExceptionThrowApp\ExceptionThrowApp.csproj", "{C84BC74F-EEC9-45F4-BC0F-1EFBB9FBF43E}"
EndProject
Project("{FAE04EC0-301F-11D3-BF4B-00C04F79EFBC}") = "TryCatchFinallyApp", "TryCatchFinallyApp\TryCatchFinallyApp.csproj", "{9ADEE0AE-2EBD-479C-A4F4-E8CDA9945369}"
EndProject
Global
	GlobalSection(SolutionConfigurationPlatforms) = preSolution
		Debug|Any CPU = Debug|Any CPU
		Release|Any CPU = Release|Any CPU
	EndGlobalSection
	GlobalSection(ProjectConfigurationPlatforms) = postSolution
		{09596DCC-CE2D-4C58-9BC1-A872533D44EB}.Debug|Any CPU.ActiveCfg = Debug|Any CPU
		{09596DCC-CE2D-4C58-9BC1-A872533D44EB}.Debug|Any CPU.Build.0 = Debug|Any CPU
		{09596DCC-CE2D-4C58-9BC1-A872533D44EB}.Release|Any CPU.ActiveCfg = Release|Any CPU
		{09596DCC-CE2D-4C58-9BC1-A872533D44EB}.Release|Any CPU.Build.0 = Release|Any CPU
		{29625FA2-4BE6-4F19-A6D0-DD9764711C08}.Debug|Any CPU.ActiveCfg = Debug|Any CPU
		{29625FA2-4BE6-4F19-A6D0-DD9764711C08}.Debug|Any CPU.Build.0 = Debug|Any CPU
		{29625FA2-4BE6-4F19-A6D0-DD9764711C08}.Release|Any CPU.ActiveCfg = Release|Any CPU
		{29625FA2-4BE6-4F19-A6D0-DD9764711C08}.Release|Any CPU.Build.0 = Release|Any CPU
		{C84BC74F-EEC9-45F4-BC0F-1EFBB9FBF43E}.Debug|Any CPU.ActiveCfg = Debug|Any CPU
		{C84BC74F-EEC9-45F4-BC0F-1EFBB9FBF43E}.Debug|Any CPU.Build.0 = Debug|Any CPU
		{C84BC74F-EEC9-45F4-BC0F-1EFBB9FBF43E}.Release|Any CPU.ActiveCfg = Release|Any CPU
		{C84BC74F-EEC9-45F4-BC0F-1EFBB9FBF43E}.Release|Any CPU.Build.0 = Release|Any CPU
		{9ADEE0AE-2EBD-479C-A4F4-E8CDA9945369}.Debug|Any CPU.ActiveCfg = Debug|Any CPU
		{9ADEE0AE-2EBD-479C-A4F4-E8CDA9945369}.Debug|Any CPU.Build.0 = Debug|Any CPU
		{9ADEE0AE-2EBD-479C-A4F4-E8CDA9945369}.Release|Any CPU.ActiveCfg = Release|Any CPU
		{9ADEE0AE-2EBD-479C-A4F4-E8CDA9945369}.Release|Any CPU.Build.0 = Release|Any CPU
	EndGlobalSection
	GlobalSection(SolutionProperties) = preSolution
		HideSolutionNode = FALSE
	EndGlobalSection
	GlobalSection(ExtensibilityGlobals) = postSolution
		SolutionGuid = {74EB99C0-9747-446F-9713-EBB9FAD9C81D}
	EndGlobalSection
EndGlobal
