
Microsoft Visual Studio Solution File, Format Version 12.00
# Visual Studio Version 16
VisualStudioVersion = 16.0.31019.35
MinimumVisualStudioVersion = 10.0.40219.1
Project("{FAE04EC0-301F-11D3-BF4B-00C04F79EFBC}") = "Chap10", "Chap10\Chap10.csproj", "{8E161F6E-44DE-4AE3-89C1-171C53ECE107}"
EndProject
Project("{FAE04EC0-301F-11D3-BF4B-00C04F79EFBC}") = "2DegreeArrayApp", "2DegreeArrayApp\2DegreeArrayApp.csproj", "{F4F4193E-38B0-4BDA-BA54-B1739AB049FA}"
EndProject
Global
	GlobalSection(SolutionConfigurationPlatforms) = preSolution
		Debug|Any CPU = Debug|Any CPU
		Release|Any CPU = Release|Any CPU
	EndGlobalSection
	GlobalSection(ProjectConfigurationPlatforms) = postSolution
		{8E161F6E-44DE-4AE3-89C1-171C53ECE107}.Debug|Any CPU.ActiveCfg = Debug|Any CPU
		{8E161F6E-44DE-4AE3-89C1-171C53ECE107}.Debug|Any CPU.Build.0 = Debug|Any CPU
		{8E161F6E-44DE-4AE3-89C1-171C53ECE107}.Release|Any CPU.ActiveCfg = Release|Any CPU
		{8E161F6E-44DE-4AE3-89C1-171C53ECE107}.Release|Any CPU.Build.0 = Release|Any CPU
		{F4F4193E-38B0-4BDA-BA54-B1739AB049FA}.Debug|Any CPU.ActiveCfg = Debug|Any CPU
		{F4F4193E-38B0-4BDA-BA54-B1739AB049FA}.Debug|Any CPU.Build.0 = Debug|Any CPU
		{F4F4193E-38B0-4BDA-BA54-B1739AB049FA}.Release|Any CPU.ActiveCfg = Release|Any CPU
		{F4F4193E-38B0-4BDA-BA54-B1739AB049FA}.Release|Any CPU.Build.0 = Release|Any CPU
	EndGlobalSection
	GlobalSection(SolutionProperties) = preSolution
		HideSolutionNode = FALSE
	EndGlobalSection
	GlobalSection(ExtensibilityGlobals) = postSolution
		SolutionGuid = {00F96F45-48BF-446C-BB1B-65DC7F5FFC36}
	EndGlobalSection
EndGlobal
