
Microsoft Visual Studio Solution File, Format Version 12.00
# Visual Studio Version 16
VisualStudioVersion = 16.0.31019.35
MinimumVisualStudioVersion = 10.0.40219.1
Project("{FAE04EC0-301F-11D3-BF4B-00C04F79EFBC}") = "Chap11App", "Chap11\Chap11App.csproj", "{2D5F805E-C3CE-47B0-BCC4-91270925DB9A}"
EndProject
Project("{FAE04EC0-301F-11D3-BF4B-00C04F79EFBC}") = "GenericCopyArrayApp", "GenericCopyArrayApp\GenericCopyArrayApp.csproj", "{3D4CB53C-E4B5-428E-A80C-809C796F083A}"
EndProject
Project("{FAE04EC0-301F-11D3-BF4B-00C04F79EFBC}") = "GenericClassApp", "GenericClassApp\GenericClassApp.csproj", "{4D7CD03F-9636-4384-95BD-77524382576E}"
EndProject
Project("{FAE04EC0-301F-11D3-BF4B-00C04F79EFBC}") = "GenericListApp", "GenericListApp\GenericListApp.csproj", "{594319DC-DD5B-4B25-BD39-5EA4B277E801}"
EndProject
Project("{FAE04EC0-301F-11D3-BF4B-00C04F79EFBC}") = "DictionaryApp", "DictionaryApp\DictionaryApp.csproj", "{A72B9BBB-C9FA-4ED8-B8D8-AEE643A1B5B1}"
EndProject
Global
	GlobalSection(SolutionConfigurationPlatforms) = preSolution
		Debug|Any CPU = Debug|Any CPU
		Release|Any CPU = Release|Any CPU
	EndGlobalSection
	GlobalSection(ProjectConfigurationPlatforms) = postSolution
		{2D5F805E-C3CE-47B0-BCC4-91270925DB9A}.Debug|Any CPU.ActiveCfg = Debug|Any CPU
		{2D5F805E-C3CE-47B0-BCC4-91270925DB9A}.Debug|Any CPU.Build.0 = Debug|Any CPU
		{2D5F805E-C3CE-47B0-BCC4-91270925DB9A}.Release|Any CPU.ActiveCfg = Release|Any CPU
		{2D5F805E-C3CE-47B0-BCC4-91270925DB9A}.Release|Any CPU.Build.0 = Release|Any CPU
		{3D4CB53C-E4B5-428E-A80C-809C796F083A}.Debug|Any CPU.ActiveCfg = Debug|Any CPU
		{3D4CB53C-E4B5-428E-A80C-809C796F083A}.Debug|Any CPU.Build.0 = Debug|Any CPU
		{3D4CB53C-E4B5-428E-A80C-809C796F083A}.Release|Any CPU.ActiveCfg = Release|Any CPU
		{3D4CB53C-E4B5-428E-A80C-809C796F083A}.Release|Any CPU.Build.0 = Release|Any CPU
		{4D7CD03F-9636-4384-95BD-77524382576E}.Debug|Any CPU.ActiveCfg = Debug|Any CPU
		{4D7CD03F-9636-4384-95BD-77524382576E}.Debug|Any CPU.Build.0 = Debug|Any CPU
		{4D7CD03F-9636-4384-95BD-77524382576E}.Release|Any CPU.ActiveCfg = Release|Any CPU
		{4D7CD03F-9636-4384-95BD-77524382576E}.Release|Any CPU.Build.0 = Release|Any CPU
		{594319DC-DD5B-4B25-BD39-5EA4B277E801}.Debug|Any CPU.ActiveCfg = Debug|Any CPU
		{594319DC-DD5B-4B25-BD39-5EA4B277E801}.Debug|Any CPU.Build.0 = Debug|Any CPU
		{594319DC-DD5B-4B25-BD39-5EA4B277E801}.Release|Any CPU.ActiveCfg = Release|Any CPU
		{594319DC-DD5B-4B25-BD39-5EA4B277E801}.Release|Any CPU.Build.0 = Release|Any CPU
		{A72B9BBB-C9FA-4ED8-B8D8-AEE643A1B5B1}.Debug|Any CPU.ActiveCfg = Debug|Any CPU
		{A72B9BBB-C9FA-4ED8-B8D8-AEE643A1B5B1}.Debug|Any CPU.Build.0 = Debug|Any CPU
		{A72B9BBB-C9FA-4ED8-B8D8-AEE643A1B5B1}.Release|Any CPU.ActiveCfg = Release|Any CPU
		{A72B9BBB-C9FA-4ED8-B8D8-AEE643A1B5B1}.Release|Any CPU.Build.0 = Release|Any CPU
	EndGlobalSection
	GlobalSection(SolutionProperties) = preSolution
		HideSolutionNode = FALSE
	EndGlobalSection
	GlobalSection(ExtensibilityGlobals) = postSolution
		SolutionGuid = {23A1C4C5-51E3-43DB-9BC2-5E8D77535BBD}
	EndGlobalSection
EndGlobal
