
Microsoft Visual Studio Solution File, Format Version 12.00
# Visual Studio Version 16
VisualStudioVersion = 16.0.31019.35
MinimumVisualStudioVersion = 10.0.40219.1
Project("{FAE04EC0-301F-11D3-BF4B-00C04F79EFBC}") = "DBconnect", "DBconnect\DBconnect.csproj", "{AA9454E2-C449-43C0-8617-863859D7481C}"
EndProject
Global
	GlobalSection(SolutionConfigurationPlatforms) = preSolution
		Debug|Any CPU = Debug|Any CPU
		Release|Any CPU = Release|Any CPU
	EndGlobalSection
	GlobalSection(ProjectConfigurationPlatforms) = postSolution
		{AA9454E2-C449-43C0-8617-863859D7481C}.Debug|Any CPU.ActiveCfg = Debug|Any CPU
		{AA9454E2-C449-43C0-8617-863859D7481C}.Debug|Any CPU.Build.0 = Debug|Any CPU
		{AA9454E2-C449-43C0-8617-863859D7481C}.Release|Any CPU.ActiveCfg = Release|Any CPU
		{AA9454E2-C449-43C0-8617-863859D7481C}.Release|Any CPU.Build.0 = Release|Any CPU
	EndGlobalSection
	GlobalSection(SolutionProperties) = preSolution
		HideSolutionNode = FALSE
	EndGlobalSection
	GlobalSection(ExtensibilityGlobals) = postSolution
		SolutionGuid = {ACC94BEC-8643-4D96-AAE8-37B8BCCEEE6A}
	EndGlobalSection
EndGlobal
