
Microsoft Visual Studio Solution File, Format Version 12.00
# Visual Studio Version 16
VisualStudioVersion = 16.0.31019.35
MinimumVisualStudioVersion = 10.0.40219.1
Project("{9A19103F-16F7-4668-BE54-9A1E7A4F7556}") = "MakeAddress", "MakeAddress\MakeAddress.csproj", "{FD15F86A-5530-4FC8-B180-D4A1BEF25680}"
EndProject
Project("{FAE04EC0-301F-11D3-BF4B-00C04F79EFBC}") = "ConsoleApp1", "ConsoleApp1\ConsoleApp1.csproj", "{D26C86FC-093E-4472-BB4C-23FB7305B470}"
EndProject
Project("{FAE04EC0-301F-11D3-BF4B-00C04F79EFBC}") = "game", "game\game.csproj", "{F13658EB-EBF8-478E-B13B-A5F408B8F1E3}"
EndProject
Global
	GlobalSection(SolutionConfigurationPlatforms) = preSolution
		Debug|Any CPU = Debug|Any CPU
		Release|Any CPU = Release|Any CPU
	EndGlobalSection
	GlobalSection(ProjectConfigurationPlatforms) = postSolution
		{FD15F86A-5530-4FC8-B180-D4A1BEF25680}.Debug|Any CPU.ActiveCfg = Debug|Any CPU
		{FD15F86A-5530-4FC8-B180-D4A1BEF25680}.Debug|Any CPU.Build.0 = Debug|Any CPU
		{FD15F86A-5530-4FC8-B180-D4A1BEF25680}.Release|Any CPU.ActiveCfg = Release|Any CPU
		{FD15F86A-5530-4FC8-B180-D4A1BEF25680}.Release|Any CPU.Build.0 = Release|Any CPU
		{D26C86FC-093E-4472-BB4C-23FB7305B470}.Debug|Any CPU.ActiveCfg = Debug|Any CPU
		{D26C86FC-093E-4472-BB4C-23FB7305B470}.Debug|Any CPU.Build.0 = Debug|Any CPU
		{D26C86FC-093E-4472-BB4C-23FB7305B470}.Release|Any CPU.ActiveCfg = Release|Any CPU
		{D26C86FC-093E-4472-BB4C-23FB7305B470}.Release|Any CPU.Build.0 = Release|Any CPU
		{F13658EB-EBF8-478E-B13B-A5F408B8F1E3}.Debug|Any CPU.ActiveCfg = Debug|Any CPU
		{F13658EB-EBF8-478E-B13B-A5F408B8F1E3}.Debug|Any CPU.Build.0 = Debug|Any CPU
		{F13658EB-EBF8-478E-B13B-A5F408B8F1E3}.Release|Any CPU.ActiveCfg = Release|Any CPU
		{F13658EB-EBF8-478E-B13B-A5F408B8F1E3}.Release|Any CPU.Build.0 = Release|Any CPU
	EndGlobalSection
	GlobalSection(SolutionProperties) = preSolution
		HideSolutionNode = FALSE
	EndGlobalSection
	GlobalSection(ExtensibilityGlobals) = postSolution
		SolutionGuid = {0367106F-2277-4CD3-9CF0-E4C8C1D9A2B8}
	EndGlobalSection
EndGlobal
