
Microsoft Visual Studio Solution File, Format Version 12.00
# Visual Studio Version 16
VisualStudioVersion = 16.0.31019.35
MinimumVisualStudioVersion = 10.0.40219.1
Project("{FAE04EC0-301F-11D3-BF4B-00C04F79EFBC}") = "Chap09", "Chap09\Chap09.csproj", "{58281F17-A244-43D1-8498-8132CDE935EC}"
EndProject
Project("{FAE04EC0-301F-11D3-BF4B-00C04F79EFBC}") = "PropertyTestApp", "PropertyTestApp\PropertyTestApp.csproj", "{B3E95F24-F866-4D63-A3E2-354D0DDD3413}"
EndProject
Global
	GlobalSection(SolutionConfigurationPlatforms) = preSolution
		Debug|Any CPU = Debug|Any CPU
		Release|Any CPU = Release|Any CPU
	EndGlobalSection
	GlobalSection(ProjectConfigurationPlatforms) = postSolution
		{58281F17-A244-43D1-8498-8132CDE935EC}.Debug|Any CPU.ActiveCfg = Debug|Any CPU
		{58281F17-A244-43D1-8498-8132CDE935EC}.Debug|Any CPU.Build.0 = Debug|Any CPU
		{58281F17-A244-43D1-8498-8132CDE935EC}.Release|Any CPU.ActiveCfg = Release|Any CPU
		{58281F17-A244-43D1-8498-8132CDE935EC}.Release|Any CPU.Build.0 = Release|Any CPU
		{B3E95F24-F866-4D63-A3E2-354D0DDD3413}.Debug|Any CPU.ActiveCfg = Debug|Any CPU
		{B3E95F24-F866-4D63-A3E2-354D0DDD3413}.Debug|Any CPU.Build.0 = Debug|Any CPU
		{B3E95F24-F866-4D63-A3E2-354D0DDD3413}.Release|Any CPU.ActiveCfg = Release|Any CPU
		{B3E95F24-F866-4D63-A3E2-354D0DDD3413}.Release|Any CPU.Build.0 = Release|Any CPU
	EndGlobalSection
	GlobalSection(SolutionProperties) = preSolution
		HideSolutionNode = FALSE
	EndGlobalSection
	GlobalSection(ExtensibilityGlobals) = postSolution
		SolutionGuid = {092FE820-8A18-4EAF-B3B7-25B8012FDC0A}
	EndGlobalSection
EndGlobal
